Microsoft Visual Studio Solution File, Format Version 12.00
# Visual Studio Version 17
VisualStudioVersion = 17.5.2.0
MinimumVisualStudioVersion = 10.0.40219.1
Project("{FAE04EC0-301F-11D3-BF4B-00C04F79EFBC}") = "Handwrite List - IList Interface", "Handwrite List - IList Interface.csproj", "{DC09F0CF-E9F6-DD4A-4B85-5978E8CA5934}"
EndProject
Global
	GlobalSection(SolutionConfigurationPlatforms) = preSolution
		Debug|Any CPU = Debug|Any CPU
		Release|Any CPU = Release|Any CPU
	EndGlobalSection
	GlobalSection(ProjectConfigurationPlatforms) = postSolution
		{DC09F0CF-E9F6-DD4A-4B85-5978E8CA5934}.Debug|Any CPU.ActiveCfg = Debug|Any CPU
		{DC09F0CF-E9F6-DD4A-4B85-5978E8CA5934}.Debug|Any CPU.Build.0 = Debug|Any CPU
		{DC09F0CF-E9F6-DD4A-4B85-5978E8CA5934}.Release|Any CPU.ActiveCfg = Release|Any CPU
		{DC09F0CF-E9F6-DD4A-4B85-5978E8CA5934}.Release|Any CPU.Build.0 = Release|Any CPU
	EndGlobalSection
	GlobalSection(SolutionProperties) = preSolution
		HideSolutionNode = FALSE
	EndGlobalSection
	GlobalSection(ExtensibilityGlobals) = postSolution
		SolutionGuid = {628307C6-B241-4D11-947C-F428DA9A6D15}
	EndGlobalSection
EndGlobal
