Microsoft Visual Studio Solution File, Format Version 12.00
# Visual Studio Version 17
VisualStudioVersion = 17.5.2.0
MinimumVisualStudioVersion = 10.0.40219.1
Project("{FAE04EC0-301F-11D3-BF4B-00C04F79EFBC}") = "005-Temperature-Record", "005-Temperature-Record.csproj", "{CE9AD4B0-27D3-0B6A-183C-50806F5ED74A}"
EndProject
Global
	GlobalSection(SolutionConfigurationPlatforms) = preSolution
		Debug|Any CPU = Debug|Any CPU
		Release|Any CPU = Release|Any CPU
	EndGlobalSection
	GlobalSection(ProjectConfigurationPlatforms) = postSolution
		{CE9AD4B0-27D3-0B6A-183C-50806F5ED74A}.Debug|Any CPU.ActiveCfg = Debug|Any CPU
		{CE9AD4B0-27D3-0B6A-183C-50806F5ED74A}.Debug|Any CPU.Build.0 = Debug|Any CPU
		{CE9AD4B0-27D3-0B6A-183C-50806F5ED74A}.Release|Any CPU.ActiveCfg = Release|Any CPU
		{CE9AD4B0-27D3-0B6A-183C-50806F5ED74A}.Release|Any CPU.Build.0 = Release|Any CPU
	EndGlobalSection
	GlobalSection(SolutionProperties) = preSolution
		HideSolutionNode = FALSE
	EndGlobalSection
	GlobalSection(ExtensibilityGlobals) = postSolution
		SolutionGuid = {4DA656DD-1962-41B1-B136-2596F82B414C}
	EndGlobalSection
EndGlobal
