Microsoft Visual Studio Solution File, Format Version 12.00
# Visual Studio Version 17
VisualStudioVersion = 17.5.2.0
MinimumVisualStudioVersion = 10.0.40219.1
Project("{FAE04EC0-301F-11D3-BF4B-00C04F79EFBC}") = "Insertion Sort", "Insertion Sort.csproj", "{3FE73B71-021F-B133-F838-86CFD081D6AA}"
EndProject
Global
	GlobalSection(SolutionConfigurationPlatforms) = preSolution
		Debug|Any CPU = Debug|Any CPU
		Release|Any CPU = Release|Any CPU
	EndGlobalSection
	GlobalSection(ProjectConfigurationPlatforms) = postSolution
		{3FE73B71-021F-B133-F838-86CFD081D6AA}.Debug|Any CPU.ActiveCfg = Debug|Any CPU
		{3FE73B71-021F-B133-F838-86CFD081D6AA}.Debug|Any CPU.Build.0 = Debug|Any CPU
		{3FE73B71-021F-B133-F838-86CFD081D6AA}.Release|Any CPU.ActiveCfg = Release|Any CPU
		{3FE73B71-021F-B133-F838-86CFD081D6AA}.Release|Any CPU.Build.0 = Release|Any CPU
	EndGlobalSection
	GlobalSection(SolutionProperties) = preSolution
		HideSolutionNode = FALSE
	EndGlobalSection
	GlobalSection(ExtensibilityGlobals) = postSolution
		SolutionGuid = {ABD27720-B69F-4693-A9C3-E727B08BFB9F}
	EndGlobalSection
EndGlobal
