Microsoft Visual Studio Solution File, Format Version 12.00
# Visual Studio Version 17
VisualStudioVersion = 17.5.2.0
MinimumVisualStudioVersion = 10.0.40219.1
Project("{FAE04EC0-301F-11D3-BF4B-00C04F79EFBC}") = "ACA-C#-Course-Implement", "ACA-C#-Course-Implement.csproj", "{F1852E5F-1B65-7558-E934-2C21045DFBB4}"
EndProject
Global
	GlobalSection(SolutionConfigurationPlatforms) = preSolution
		Debug|Any CPU = Debug|Any CPU
		Release|Any CPU = Release|Any CPU
	EndGlobalSection
	GlobalSection(ProjectConfigurationPlatforms) = postSolution
		{F1852E5F-1B65-7558-E934-2C21045DFBB4}.Debug|Any CPU.ActiveCfg = Debug|Any CPU
		{F1852E5F-1B65-7558-E934-2C21045DFBB4}.Debug|Any CPU.Build.0 = Debug|Any CPU
		{F1852E5F-1B65-7558-E934-2C21045DFBB4}.Release|Any CPU.ActiveCfg = Release|Any CPU
		{F1852E5F-1B65-7558-E934-2C21045DFBB4}.Release|Any CPU.Build.0 = Release|Any CPU
	EndGlobalSection
	GlobalSection(SolutionProperties) = preSolution
		HideSolutionNode = FALSE
	EndGlobalSection
	GlobalSection(ExtensibilityGlobals) = postSolution
		SolutionGuid = {7506D5BD-BFED-48CE-9DD4-13A54214EE50}
	EndGlobalSection
EndGlobal
