Microsoft Visual Studio Solution File, Format Version 12.00
# Visual Studio Version 17
VisualStudioVersion = 17.5.2.0
MinimumVisualStudioVersion = 10.0.40219.1
Project("{FAE04EC0-301F-11D3-BF4B-00C04F79EFBC}") = "007-Bank-Transaction", "007-Bank-Transaction.csproj", "{410B2E04-79FD-4F06-0AFF-F3298CAD66BC}"
EndProject
Global
	GlobalSection(SolutionConfigurationPlatforms) = preSolution
		Debug|Any CPU = Debug|Any CPU
		Release|Any CPU = Release|Any CPU
	EndGlobalSection
	GlobalSection(ProjectConfigurationPlatforms) = postSolution
		{410B2E04-79FD-4F06-0AFF-F3298CAD66BC}.Debug|Any CPU.ActiveCfg = Debug|Any CPU
		{410B2E04-79FD-4F06-0AFF-F3298CAD66BC}.Debug|Any CPU.Build.0 = Debug|Any CPU
		{410B2E04-79FD-4F06-0AFF-F3298CAD66BC}.Release|Any CPU.ActiveCfg = Release|Any CPU
		{410B2E04-79FD-4F06-0AFF-F3298CAD66BC}.Release|Any CPU.Build.0 = Release|Any CPU
	EndGlobalSection
	GlobalSection(SolutionProperties) = preSolution
		HideSolutionNode = FALSE
	EndGlobalSection
	GlobalSection(ExtensibilityGlobals) = postSolution
		SolutionGuid = {52B92E11-12B2-4EA8-82A4-9EF031EDFF7D}
	EndGlobalSection
EndGlobal
