Microsoft Visual Studio Solution File, Format Version 12.00
# Visual Studio Version 17
VisualStudioVersion = 17.5.2.0
MinimumVisualStudioVersion = 10.0.40219.1
Project("{FAE04EC0-301F-11D3-BF4B-00C04F79EFBC}") = "001-Fuel Pump Simulation", "001-Fuel Pump Simulation\001-Fuel Pump Simulation.csproj", "{D181BE7F-2EE5-04C0-0A3B-376F2F633C3C}"
EndProject
Project("{FAE04EC0-301F-11D3-BF4B-00C04F79EFBC}") = "002-Alarm Clock Snooze", "002-Alarm Clock Snooze\002-Alarm Clock Snooze.csproj", "{2AB749F5-D7E0-DBEC-0B48-BB83C74773B2}"
EndProject
Project("{FAE04EC0-301F-11D3-BF4B-00C04F79EFBC}") = "003-ATM PIN Entry", "003-ATM PIN Entry\003-ATM PIN Entry.csproj", "{6BF9B66D-58FF-FB15-ADD6-2FFC733376EA}"
EndProject
Global
	GlobalSection(SolutionConfigurationPlatforms) = preSolution
		Debug|Any CPU = Debug|Any CPU
		Release|Any CPU = Release|Any CPU
	EndGlobalSection
	GlobalSection(ProjectConfigurationPlatforms) = postSolution
		{D181BE7F-2EE5-04C0-0A3B-376F2F633C3C}.Debug|Any CPU.ActiveCfg = Debug|Any CPU
		{D181BE7F-2EE5-04C0-0A3B-376F2F633C3C}.Debug|Any CPU.Build.0 = Debug|Any CPU
		{D181BE7F-2EE5-04C0-0A3B-376F2F633C3C}.Release|Any CPU.ActiveCfg = Release|Any CPU
		{D181BE7F-2EE5-04C0-0A3B-376F2F633C3C}.Release|Any CPU.Build.0 = Release|Any CPU
		{2AB749F5-D7E0-DBEC-0B48-BB83C74773B2}.Debug|Any CPU.ActiveCfg = Debug|Any CPU
		{2AB749F5-D7E0-DBEC-0B48-BB83C74773B2}.Debug|Any CPU.Build.0 = Debug|Any CPU
		{2AB749F5-D7E0-DBEC-0B48-BB83C74773B2}.Release|Any CPU.ActiveCfg = Release|Any CPU
		{2AB749F5-D7E0-DBEC-0B48-BB83C74773B2}.Release|Any CPU.Build.0 = Release|Any CPU
		{6BF9B66D-58FF-FB15-ADD6-2FFC733376EA}.Debug|Any CPU.ActiveCfg = Debug|Any CPU
		{6BF9B66D-58FF-FB15-ADD6-2FFC733376EA}.Debug|Any CPU.Build.0 = Debug|Any CPU
		{6BF9B66D-58FF-FB15-ADD6-2FFC733376EA}.Release|Any CPU.ActiveCfg = Release|Any CPU
		{6BF9B66D-58FF-FB15-ADD6-2FFC733376EA}.Release|Any CPU.Build.0 = Release|Any CPU
	EndGlobalSection
	GlobalSection(SolutionProperties) = preSolution
		HideSolutionNode = FALSE
	EndGlobalSection
	GlobalSection(ExtensibilityGlobals) = postSolution
		SolutionGuid = {AE59B04D-67CF-42AB-934B-BC41E819059C}
	EndGlobalSection
EndGlobal
