Microsoft Visual Studio Solution File, Format Version 12.00
# Visual Studio Version 17
VisualStudioVersion = 17.5.2.0
MinimumVisualStudioVersion = 10.0.40219.1
Project("{FAE04EC0-301F-11D3-BF4B-00C04F79EFBC}") = "Sumarizator", "Sumarizator.csproj", "{57275E19-B7D6-6FE2-3012-2582DFEA6FAC}"
EndProject
Global
	GlobalSection(SolutionConfigurationPlatforms) = preSolution
		Debug|Any CPU = Debug|Any CPU
		Release|Any CPU = Release|Any CPU
	EndGlobalSection
	GlobalSection(ProjectConfigurationPlatforms) = postSolution
		{57275E19-B7D6-6FE2-3012-2582DFEA6FAC}.Debug|Any CPU.ActiveCfg = Debug|Any CPU
		{57275E19-B7D6-6FE2-3012-2582DFEA6FAC}.Debug|Any CPU.Build.0 = Debug|Any CPU
		{57275E19-B7D6-6FE2-3012-2582DFEA6FAC}.Release|Any CPU.ActiveCfg = Release|Any CPU
		{57275E19-B7D6-6FE2-3012-2582DFEA6FAC}.Release|Any CPU.Build.0 = Release|Any CPU
	EndGlobalSection
	GlobalSection(SolutionProperties) = preSolution
		HideSolutionNode = FALSE
	EndGlobalSection
	GlobalSection(ExtensibilityGlobals) = postSolution
		SolutionGuid = {4D618583-EE78-431F-869A-2BCE77657FEF}
	EndGlobalSection
EndGlobal
