Microsoft Visual Studio Solution File, Format Version 12.00
# Visual Studio Version 17
VisualStudioVersion = 17.5.2.0
MinimumVisualStudioVersion = 10.0.40219.1
Project("{FAE04EC0-301F-11D3-BF4B-00C04F79EFBC}") = "New and Override Methods", "New and Override Methods.csproj", "{B270E7EC-C015-7A3F-CD7A-0934C9D90EB9}"
EndProject
Global
	GlobalSection(SolutionConfigurationPlatforms) = preSolution
		Debug|Any CPU = Debug|Any CPU
		Release|Any CPU = Release|Any CPU
	EndGlobalSection
	GlobalSection(ProjectConfigurationPlatforms) = postSolution
		{B270E7EC-C015-7A3F-CD7A-0934C9D90EB9}.Debug|Any CPU.ActiveCfg = Debug|Any CPU
		{B270E7EC-C015-7A3F-CD7A-0934C9D90EB9}.Debug|Any CPU.Build.0 = Debug|Any CPU
		{B270E7EC-C015-7A3F-CD7A-0934C9D90EB9}.Release|Any CPU.ActiveCfg = Release|Any CPU
		{B270E7EC-C015-7A3F-CD7A-0934C9D90EB9}.Release|Any CPU.Build.0 = Release|Any CPU
	EndGlobalSection
	GlobalSection(SolutionProperties) = preSolution
		HideSolutionNode = FALSE
	EndGlobalSection
	GlobalSection(ExtensibilityGlobals) = postSolution
		SolutionGuid = {7BD24E53-98DB-4F6D-A910-34A670F2D301}
	EndGlobalSection
EndGlobal
