Microsoft Visual Studio Solution File, Format Version 12.00
# Visual Studio Version 17
VisualStudioVersion = 17.5.2.0
MinimumVisualStudioVersion = 10.0.40219.1
Project("{FAE04EC0-301F-11D3-BF4B-00C04F79EFBC}") = "Task 1. Age Group Categorizer", "Task 1. Age Group Categorizer.csproj", "{20512CC4-8F52-363C-145F-A68A917355F8}"
EndProject
Global
	GlobalSection(SolutionConfigurationPlatforms) = preSolution
		Debug|Any CPU = Debug|Any CPU
		Release|Any CPU = Release|Any CPU
	EndGlobalSection
	GlobalSection(ProjectConfigurationPlatforms) = postSolution
		{20512CC4-8F52-363C-145F-A68A917355F8}.Debug|Any CPU.ActiveCfg = Debug|Any CPU
		{20512CC4-8F52-363C-145F-A68A917355F8}.Debug|Any CPU.Build.0 = Debug|Any CPU
		{20512CC4-8F52-363C-145F-A68A917355F8}.Release|Any CPU.ActiveCfg = Release|Any CPU
		{20512CC4-8F52-363C-145F-A68A917355F8}.Release|Any CPU.Build.0 = Release|Any CPU
	EndGlobalSection
	GlobalSection(SolutionProperties) = preSolution
		HideSolutionNode = FALSE
	EndGlobalSection
	GlobalSection(ExtensibilityGlobals) = postSolution
		SolutionGuid = {4FA684D9-6D64-4588-91D3-1B84F006A96E}
	EndGlobalSection
EndGlobal
